
Microsoft Visual Studio Solution File, Format Version 12.00
# Visual Studio Version 17
VisualStudioVersion = 17.4.33403.182
MinimumVisualStudioVersion = 10.0.40219.1
Project("{FAE04EC0-301F-11D3-BF4B-00C04F79EFBC}") = "TestWin-Stanislav", "TestWin-Stanislav\TestWin-Stanislav.csproj", "{E11EBDE0-B76C-4BBA-83A9-1C7BA0D48E7E}"
EndProject
Global
	GlobalSection(SolutionConfigurationPlatforms) = preSolution
		Debug|Any CPU = Debug|Any CPU
		Release|Any CPU = Release|Any CPU
	EndGlobalSection
	GlobalSection(ProjectConfigurationPlatforms) = postSolution
		{E11EBDE0-B76C-4BBA-83A9-1C7BA0D48E7E}.Debug|Any CPU.ActiveCfg = Debug|Any CPU
		{E11EBDE0-B76C-4BBA-83A9-1C7BA0D48E7E}.Debug|Any CPU.Build.0 = Debug|Any CPU
		{E11EBDE0-B76C-4BBA-83A9-1C7BA0D48E7E}.Release|Any CPU.ActiveCfg = Release|Any CPU
		{E11EBDE0-B76C-4BBA-83A9-1C7BA0D48E7E}.Release|Any CPU.Build.0 = Release|Any CPU
	EndGlobalSection
	GlobalSection(SolutionProperties) = preSolution
		HideSolutionNode = FALSE
	EndGlobalSection
	GlobalSection(ExtensibilityGlobals) = postSolution
		SolutionGuid = {8DB8C0AE-1D15-4200-A29D-DBD768BADA94}
	EndGlobalSection
EndGlobal
